{
  "version": 2,
  "dependencies": {
    ".NETFramework,Version=v4.7.2": {
      "Microsoft.NETFramework.ReferenceAssemblies": {
        "type": "Direct",
        "requested": "[1.0.3, )",
        "resolved": "1.0.3",
        "contentHash": "vUc9Npcs14QsyOD01tnv/m8sQUnGTGOw1BCmKcv77LBJY7OxhJ+zJF7UD/sCL3lYNFuqmQEVlkfS4Quif6FyYg==",
        "dependencies": {
          "Microsoft.NETFramework.ReferenceAssemblies.net472": "1.0.3"
        }
      },
      "WixToolset.Dtf.CustomAction": {
        "type": "Direct",
        "requested": "[6.0.2, )",
        "resolved": "6.0.2",
        "contentHash": "VJRjIOzIkfolXw+kUWenyx2YQT/gagpr6Cs0XnvLPz7xl6pp/v+lQdwWh+wBu2P6apkg4yH1XI1WmXrTCjlD9g==",
        "dependencies": {
          "WixToolset.Dtf.WindowsInstaller": "6.0.2"
        }
      },
      "WixToolset.Dtf.WindowsInstaller": {
        "type": "Direct",
        "requested": "[6.0.2, )",
        "resolved": "6.0.2",
        "contentHash": "Tnc1EIjE5A7nvEcnUQLEgf1F1sXWzd3L4/n1/PXMnlt7dzaTEvR2OTiFgHD6Y+Tq9qZzAQZelcoS0Ps9bCLufw=="
      },
      "Microsoft.NETFramework.ReferenceAssemblies.net472": {
        "type": "Transitive",
        "resolved": "1.0.3",
        "contentHash": "0E7evZXHXaDYYiLRfpyXvCh+yzM2rNTyuZDI+ZO7UUqSc6GfjePiXTdqJGtgIKUwdI81tzQKmaWprnUiPj9hAw=="
      }
    },
    ".NETFramework,Version=v4.7.2/win-x64": {}
  }
}